# This file is automatically @generated by Cargo.
# It is not intended for manual editing.
version = 4

[[package]]
name = "anyhow"
version = "1.0.102"
source = "registry+https://github.com/rust-lang/crates.io-index"
checksum = "7f202df86484c868dbad7eaa557ef785d5c66295e41b460ef922eca0723b842c"

[[package]]
name = "ast"
version = "0.1.0"
dependencies = [
 "token",
]

[[package]]
name = "autocfg"
version = "1.5.0"
source = "registry+https://github.com/rust-lang/crates.io-index"
checksum = "c08606f8c3cbf4ce6ec8e28fb0014a2c086708fe954eaa885384a6165172e7e8"

[[package]]
name = "compiler"
version = "0.1.0"

[[package]]
name = "equivalent"
version = "1.0.2"
source = "registry+https://github.com/rust-lang/crates.io-index"
checksum = "877a4ace8713b0bcf2a4e7eec82529c029f1d0619886d18145fea96c3ffe5c0f"

[[package]]
name = "gc-arena"
version = "0.5.3"
source = "registry+https://github.com/rust-lang/crates.io-index"
checksum = "3cd70cf88a32937834aae9614ff2569b5d9467fa0c42c5d7762fd94a8de88266"
dependencies = [
 "gc-arena-derive",
 "sptr",
]

[[package]]
name = "gc-arena-derive"
version = "0.5.3"
source = "registry+https://github.com/rust-lang/crates.io-index"
checksum = "c612a69f5557a11046b77a7408d2836fe77077f842171cd211c5ef504bd3cddd"
dependencies = [
 "proc-macro2",
 "quote",
 "syn",
 "synstructure",
]

[[package]]
name = "hashbrown"
version = "0.17.0"
source = "registry+https://github.com/rust-lang/crates.io-index"
checksum = "4f467dd6dccf739c208452f8014c75c18bb8301b050ad1cfb27153803edb0f51"

[[package]]
name = "indexmap"
version = "2.14.0"
source = "registry+https://github.com/rust-lang/crates.io-index"
checksum = "d466e9454f08e4a911e14806c24e16fba1b4c121d1ea474396f396069cf949d9"
dependencies = [
 "equivalent",
 "hashbrown",
]

[[package]]
name = "lex"
version = "0.1.0"
dependencies = [
 "token",
 "unescape",
 "unicode-xid",
]

[[package]]
name = "num-traits"
version = "0.2.19"
source = "registry+https://github.com/rust-lang/crates.io-index"
checksum = "071dfc062690e90b734c0b2273ce72ad0ffa95f0c74596bc250dcfd960262841"
dependencies = [
 "autocfg",
]

[[package]]
name = "ordered-float"
version = "5.3.0"
source = "registry+https://github.com/rust-lang/crates.io-index"
checksum = "b7d950ca161dc355eaf28f82b11345ed76c6e1f6eb1f4f4479e0323b9e2fbd0e"
dependencies = [
 "num-traits",
]

[[package]]
name = "parser"
version = "0.1.0"
dependencies = [
 "ast",
 "lex",
 "token",
]

[[package]]
name = "proc-macro2"
version = "1.0.101"
source = "registry+https://github.com/rust-lang/crates.io-index"
checksum = "89ae43fd86e4158d6db51ad8e2b80f313af9cc74f5c0e03ccb87de09998732de"
dependencies = [
 "unicode-ident",
]

[[package]]
name = "quote"
version = "1.0.41"
source = "registry+https://github.com/rust-lang/crates.io-index"
checksum = "ce25767e7b499d1b604768e7cde645d14cc8584231ea6b295e9c9eb22c02e1d1"
dependencies = [
 "proc-macro2",
]

[[package]]
name = "slotmap"
version = "1.1.1"
source = "registry+https://github.com/rust-lang/crates.io-index"
checksum = "bdd58c3c93c3d278ca835519292445cb4b0d4dc59ccfdf7ceadaab3f8aeb4038"
dependencies = [
 "version_check",
]

[[package]]
name = "sptr"
version = "0.3.2"
source = "registry+https://github.com/rust-lang/crates.io-index"
checksum = "3b9b39299b249ad65f3b7e96443bad61c02ca5cd3589f46cb6d610a0fd6c0d6a"

[[package]]
name = "syn"
version = "2.0.107"
source = "registry+https://github.com/rust-lang/crates.io-index"
checksum = "2a26dbd934e5451d21ef060c018dae56fc073894c5a7896f882928a76e6d081b"
dependencies = [
 "proc-macro2",
 "quote",
 "unicode-ident",
]

[[package]]
name = "synstructure"
version = "0.13.2"
source = "registry+https://github.com/rust-lang/crates.io-index"
checksum = "728a70f3dbaf5bab7f0c4b1ac8d7ae5ea60a4b5549c8a5914361c99147a709d2"
dependencies = [
 "proc-macro2",
 "quote",
 "syn",
]

[[package]]
name = "token"
version = "0.1.0"

[[package]]
name = "unescape"
version = "0.1.0"
source = "registry+https://github.com/rust-lang/crates.io-index"
checksum = "ccb97dac3243214f8d8507998906ca3e2e0b900bf9bf4870477f125b82e68f6e"

[[package]]
name = "unicode-ident"
version = "1.0.19"
source = "registry+https://github.com/rust-lang/crates.io-index"
checksum = "f63a545481291138910575129486daeaf8ac54aee4387fe7906919f7830c7d9d"

[[package]]
name = "unicode-xid"
version = "0.2.6"
source = "registry+https://github.com/rust-lang/crates.io-index"
checksum = "ebc1c04c71510c7f702b52b7c350734c9ff1295c464a03335b00bb84fc54f853"

[[package]]
name = "value"
version = "0.1.0"
dependencies = [
 "gc-arena",
 "slotmap",
]

[[package]]
name = "version_check"
version = "0.9.5"
source = "registry+https://github.com/rust-lang/crates.io-index"
checksum = "0b928f33d975fc6ad9f86c8f283853ad26bdd5b10b7f1542aa2fa15e2289105a"

[[package]]
name = "vm"
version = "0.1.0"
dependencies = [
 "anyhow",
 "ast",
 "indexmap",
 "lex",
 "ordered-float",
 "parser",
 "slotmap",
 "token",
]
