# This file is automatically @generated by Cargo.
# It is not intended for manual editing.
version = 4

[[package]]
name = "ast"
version = "0.1.0"
dependencies = [
 "token",
]

[[package]]
name = "bytecode"
version = "0.1.0"
dependencies = [
 "ast",
 "token",
 "value",
]

[[package]]
name = "compiler"
version = "0.1.0"

[[package]]
name = "lex"
version = "0.1.0"
dependencies = [
 "token",
 "unescape",
 "unicode-xid",
]

[[package]]
name = "parser"
version = "0.1.0"
dependencies = [
 "ast",
 "bytecode",
 "lex",
 "token",
 "value",
]

[[package]]
name = "token"
version = "0.1.0"

[[package]]
name = "unescape"
version = "0.1.0"
source = "registry+https://github.com/rust-lang/crates.io-index"
checksum = "ccb97dac3243214f8d8507998906ca3e2e0b900bf9bf4870477f125b82e68f6e"

[[package]]
name = "unicode-xid"
version = "0.2.6"
source = "registry+https://github.com/rust-lang/crates.io-index"
checksum = "ebc1c04c71510c7f702b52b7c350734c9ff1295c464a03335b00bb84fc54f853"

[[package]]
name = "value"
version = "0.1.0"

[[package]]
name = "vm"
version = "0.1.0"
dependencies = [
 "bytecode",
 "lex",
 "parser",
 "token",
 "value",
]
